# THIS IS AN AUTOGENERATED FILE. DO NOT EDIT THIS FILE DIRECTLY.
# yarn lockfile v1


"@react-native-community/geolocation@^1.4.2":
  version "1.4.2"
  resolved "https://registry.yarnpkg.com/@react-native-community/geolocation/-/geolocation-1.4.2.tgz#7228c6d37c2f55017af9c49c2b9ad586d9bcb9f8"
  integrity sha512-9x9dHDeUXnh2larA4zTT3y/tXPmRnysh5o9fsNbGcnUKPj1BUCIHnGGPxEIDnwP1DNIMP2DN9DmuMHImtTbX6A==

geolib@^2.0.24:
  version "2.0.24"
  resolved "https://registry.yarnpkg.com/geolib/-/geolib-2.0.24.tgz#eb3d7fbc65f5ea3354a5af6054563ebe9f33e5f4"
  integrity sha512-NR0AyYyEnGrFS9JvSFmmotQDxVCORJgDHdvBwSatxl5aHarOLMh3KuGI83bCvCfObjfoEiDe8Ung8GGLGAtthw==

"js-tokens@^3.0.0 || ^4.0.0":
  version "4.0.0"
  resolved "https://registry.yarnpkg.com/js-tokens/-/js-tokens-4.0.0.tgz#19203fb59991df98e3a287050d4647cdeaf32499"
  integrity sha512-RdJUflcE3cUzKiMqQgsCu06FPu9UdIJO0beYbPhHN4k6apgJtifcoCtT9bcxOpYBtpD2kCM6Sbzg4CausW/PKQ==

lodash@^4.17.4:
  version "4.17.15"
  resolved "https://registry.yarnpkg.com/lodash/-/lodash-4.17.15.tgz#b447f6670a0455bbfeedd11392eff330ea097548"
  integrity sha512-8xOcRHvCjnocdS5cpwXQXVzmmh5e5+saE2QGoeQmbKmRS6J3VQppPOIt0MnmE+4xlZoumy0GPG0D0MVIQbNA1A==

loose-envify@^1.4.0:
  version "1.4.0"
  resolved "https://registry.yarnpkg.com/loose-envify/-/loose-envify-1.4.0.tgz#71ee51fa7be4caec1a63839f7e682d8132d30caf"
  integrity sha512-lyuxPGr/Wfhrlem2CL/UcnUc1zcqKAImBDzukY7Y5F/yQiNdko6+fRLevlw1HgMySw7f611UIY408EtxRSoK3Q==
  dependencies:
    js-tokens "^3.0.0 || ^4.0.0"

object-assign@^4.1.1:
  version "4.1.1"
  resolved "https://registry.yarnpkg.com/object-assign/-/object-assign-4.1.1.tgz#2109adc7965887cfc05cbbd442cac8bfbb360863"
  integrity sha1-IQmtx5ZYh8/AXLvUQsrIv7s2CGM=

prop-types@^15.6.0, prop-types@^15.6.2:
  version "15.7.2"
  resolved "https://registry.yarnpkg.com/prop-types/-/prop-types-15.7.2.tgz#52c41e75b8c87e72b9d9360e0206b99dcbffa6c5"
  integrity sha512-8QQikdH7//R2vurIJSutZ1smHYTcLpRWEOlHnzcWHmBYrOGUysKwSsrC89BCiFj3CbrfJ/nXFdJepOVrY1GCHQ==
  dependencies:
    loose-envify "^1.4.0"
    object-assign "^4.1.1"
    react-is "^16.8.1"

react-is@^16.8.1:
  version "16.12.0"
  resolved "https://registry.yarnpkg.com/react-is/-/react-is-16.12.0.tgz#2cc0fe0fba742d97fd527c42a13bec4eeb06241c"
  integrity sha512-rPCkf/mWBtKc97aLL9/txD8DZdemK0vkA3JMLShjlJB3Pj3s+lpf1KaBzMfQrAmhMQB0n1cU/SUGgKKBCe837Q==

react-native-geolocation-service@^4.0.0:
  version "4.0.0"
  resolved "https://registry.yarnpkg.com/react-native-geolocation-service/-/react-native-geolocation-service-4.0.0.tgz#257187ea08965dac16016edd383454d310eb7809"
  integrity sha512-t62cwQdMjlTLFCjJ1Kr924YIV3WMzQ6KgqEdrICaN2fHdTIjzW8mwoPGFqACu2WtPHLL6btIVG10dYHV7zntHQ==
  dependencies:
    "@react-native-community/geolocation" "^1.4.2"

react-native-optiongroup@^0.0.7:
  version "0.0.7"
  resolved "https://registry.yarnpkg.com/react-native-optiongroup/-/react-native-optiongroup-0.0.7.tgz#05144c577dae849efa7877002df8546836503b47"
  integrity sha512-y1uqlgzqId/YNSooHSBVM5MkFnrhnRKK/0Vjumoh/Pk7EjB7P2bFYaq4/9NJpH9XpJuGcIickmt62Rk3kzSUHg==
  dependencies:
    lodash "^4.17.4"
    prop-types "^15.6.0"
